
Microsoft Visual Studio Solution File, Format Version 12.00
# Visual Studio Version 16
VisualStudioVersion = 16.0.30611.23
MinimumVisualStudioVersion = 10.0.40219.1
Project("{9A19103F-16F7-4668-BE54-9A1E7A4F7556}") = "Adventure", "Adventure\Adventure.csproj", "{4C5DF6CA-F891-4F64-92AC-4525D0F03A8F}"
EndProject
Project("{9A19103F-16F7-4668-BE54-9A1E7A4F7556}") = "Framework", "Framework\Framework.csproj", "{F5E379F5-EB50-4F16-B07C-3A574B1578C3}"
EndProject
Project("{9A19103F-16F7-4668-BE54-9A1E7A4F7556}") = "Tests", "Tests\Tests.csproj", "{FAF17B64-5D83-4A4B-97AA-D38BA68D5FDF}"
EndProject
Project("{2150E333-8FDC-42A3-9474-1A3956D46DE8}") = "Solution Items", "Solution Items", "{1E11259A-1954-474F-AE95-F38E0B8300AF}"
	ProjectSection(SolutionItems) = preProject
		.editorconfig = .editorconfig
	EndProjectSection
EndProject
Global
	GlobalSection(SolutionConfigurationPlatforms) = preSolution
		Debug|Any CPU = Debug|Any CPU
		Release|Any CPU = Release|Any CPU
	EndGlobalSection
	GlobalSection(ProjectConfigurationPlatforms) = postSolution
		{4C5DF6CA-F891-4F64-92AC-4525D0F03A8F}.Debug|Any CPU.ActiveCfg = Debug|Any CPU
		{4C5DF6CA-F891-4F64-92AC-4525D0F03A8F}.Debug|Any CPU.Build.0 = Debug|Any CPU
		{4C5DF6CA-F891-4F64-92AC-4525D0F03A8F}.Release|Any CPU.ActiveCfg = Release|Any CPU
		{4C5DF6CA-F891-4F64-92AC-4525D0F03A8F}.Release|Any CPU.Build.0 = Release|Any CPU
		{F5E379F5-EB50-4F16-B07C-3A574B1578C3}.Debug|Any CPU.ActiveCfg = Debug|Any CPU
		{F5E379F5-EB50-4F16-B07C-3A574B1578C3}.Debug|Any CPU.Build.0 = Debug|Any CPU
		{F5E379F5-EB50-4F16-B07C-3A574B1578C3}.Release|Any CPU.ActiveCfg = Release|Any CPU
		{F5E379F5-EB50-4F16-B07C-3A574B1578C3}.Release|Any CPU.Build.0 = Release|Any CPU
		{FAF17B64-5D83-4A4B-97AA-D38BA68D5FDF}.Debug|Any CPU.ActiveCfg = Debug|Any CPU
		{FAF17B64-5D83-4A4B-97AA-D38BA68D5FDF}.Debug|Any CPU.Build.0 = Debug|Any CPU
		{FAF17B64-5D83-4A4B-97AA-D38BA68D5FDF}.Release|Any CPU.ActiveCfg = Release|Any CPU
		{FAF17B64-5D83-4A4B-97AA-D38BA68D5FDF}.Release|Any CPU.Build.0 = Release|Any CPU
	EndGlobalSection
	GlobalSection(SolutionProperties) = preSolution
		HideSolutionNode = FALSE
	EndGlobalSection
	GlobalSection(ExtensibilityGlobals) = postSolution
		SolutionGuid = {5CE7CE81-CC75-485B-A671-CF938D39C521}
	EndGlobalSection
EndGlobal
